
Microsoft Visual Studio Solution File, Format Version 12.00
# Visual Studio 15
VisualStudioVersion = 15.0.28307.329
MinimumVisualStudioVersion = 10.0.40219.1
Project("{2150E333-8FDC-42A3-9474-1A3956D46DE8}") = "FMAndroid", "FMAndroid", "{DA59BCFD-0D9A-4B03-B614-C4779488B37D}"
EndProject
Project("{39E2626F-3545-4960-A6E8-258AD8476CE5}") = "FMAndroid.Packaging", "FMAndroid\FMAndroid.Packaging\FMAndroid.Packaging.androidproj", "{64A99297-53CE-4952-AA65-AB570DB9EDB1}"
EndProject
Project("{8BC9CEB8-8B4A-11D0-8D11-00A0C91BC942}") = "FMAndroid.NativeActivity", "FMAndroid\FMAndroid.NativeActivity\FMAndroid.NativeActivity.vcxproj", "{56D93DF2-28DD-4AAE-BC09-C91018FD959A}"
EndProject
Global
	GlobalSection(SolutionConfigurationPlatforms) = preSolution
		Debug|ARM = Debug|ARM
		Debug|ARM64 = Debug|ARM64
		Debug|x64 = Debug|x64
		Debug|x86 = Debug|x86
		Release|ARM = Release|ARM
		Release|ARM64 = Release|ARM64
		Release|x64 = Release|x64
		Release|x86 = Release|x86
	EndGlobalSection
	GlobalSection(ProjectConfigurationPlatforms) = postSolution
		{64A99297-53CE-4952-AA65-AB570DB9EDB1}.Debug|ARM.ActiveCfg = Debug|ARM
		{64A99297-53CE-4952-AA65-AB570DB9EDB1}.Debug|ARM.Build.0 = Debug|ARM
		{64A99297-53CE-4952-AA65-AB570DB9EDB1}.Debug|ARM.Deploy.0 = Debug|ARM
		{64A99297-53CE-4952-AA65-AB570DB9EDB1}.Debug|ARM64.ActiveCfg = Debug|ARM64
		{64A99297-53CE-4952-AA65-AB570DB9EDB1}.Debug|ARM64.Build.0 = Debug|ARM64
		{64A99297-53CE-4952-AA65-AB570DB9EDB1}.Debug|ARM64.Deploy.0 = Debug|ARM64
		{64A99297-53CE-4952-AA65-AB570DB9EDB1}.Debug|x64.ActiveCfg = Debug|x64
		{64A99297-53CE-4952-AA65-AB570DB9EDB1}.Debug|x64.Build.0 = Debug|x64
		{64A99297-53CE-4952-AA65-AB570DB9EDB1}.Debug|x64.Deploy.0 = Debug|x64
		{64A99297-53CE-4952-AA65-AB570DB9EDB1}.Debug|x86.ActiveCfg = Debug|x86
		{64A99297-53CE-4952-AA65-AB570DB9EDB1}.Debug|x86.Build.0 = Debug|x86
		{64A99297-53CE-4952-AA65-AB570DB9EDB1}.Debug|x86.Deploy.0 = Debug|x86
		{64A99297-53CE-4952-AA65-AB570DB9EDB1}.Release|ARM.ActiveCfg = Release|ARM
		{64A99297-53CE-4952-AA65-AB570DB9EDB1}.Release|ARM.Build.0 = Release|ARM
		{64A99297-53CE-4952-AA65-AB570DB9EDB1}.Release|ARM.Deploy.0 = Release|ARM
		{64A99297-53CE-4952-AA65-AB570DB9EDB1}.Release|ARM64.ActiveCfg = Release|ARM64
		{64A99297-53CE-4952-AA65-AB570DB9EDB1}.Release|ARM64.Build.0 = Release|ARM64
		{64A99297-53CE-4952-AA65-AB570DB9EDB1}.Release|ARM64.Deploy.0 = Release|ARM64
		{64A99297-53CE-4952-AA65-AB570DB9EDB1}.Release|x64.ActiveCfg = Release|x64
		{64A99297-53CE-4952-AA65-AB570DB9EDB1}.Release|x64.Build.0 = Release|x64
		{64A99297-53CE-4952-AA65-AB570DB9EDB1}.Release|x64.Deploy.0 = Release|x64
		{64A99297-53CE-4952-AA65-AB570DB9EDB1}.Release|x86.ActiveCfg = Release|x86
		{64A99297-53CE-4952-AA65-AB570DB9EDB1}.Release|x86.Build.0 = Release|x86
		{64A99297-53CE-4952-AA65-AB570DB9EDB1}.Release|x86.Deploy.0 = Release|x86
		{56D93DF2-28DD-4AAE-BC09-C91018FD959A}.Debug|ARM.ActiveCfg = Debug|ARM
		{56D93DF2-28DD-4AAE-BC09-C91018FD959A}.Debug|ARM.Build.0 = Debug|ARM
		{56D93DF2-28DD-4AAE-BC09-C91018FD959A}.Debug|ARM64.ActiveCfg = Debug|ARM64
		{56D93DF2-28DD-4AAE-BC09-C91018FD959A}.Debug|ARM64.Build.0 = Debug|ARM64
		{56D93DF2-28DD-4AAE-BC09-C91018FD959A}.Debug|x64.ActiveCfg = Debug|x64
		{56D93DF2-28DD-4AAE-BC09-C91018FD959A}.Debug|x64.Build.0 = Debug|x64
		{56D93DF2-28DD-4AAE-BC09-C91018FD959A}.Debug|x86.ActiveCfg = Debug|x86
		{56D93DF2-28DD-4AAE-BC09-C91018FD959A}.Debug|x86.Build.0 = Debug|x86
		{56D93DF2-28DD-4AAE-BC09-C91018FD959A}.Release|ARM.ActiveCfg = Release|ARM
		{56D93DF2-28DD-4AAE-BC09-C91018FD959A}.Release|ARM.Build.0 = Release|ARM
		{56D93DF2-28DD-4AAE-BC09-C91018FD959A}.Release|ARM64.ActiveCfg = Release|ARM64
		{56D93DF2-28DD-4AAE-BC09-C91018FD959A}.Release|ARM64.Build.0 = Release|ARM64
		{56D93DF2-28DD-4AAE-BC09-C91018FD959A}.Release|x64.ActiveCfg = Release|x64
		{56D93DF2-28DD-4AAE-BC09-C91018FD959A}.Release|x64.Build.0 = Release|x64
		{56D93DF2-28DD-4AAE-BC09-C91018FD959A}.Release|x86.ActiveCfg = Release|x86
		{56D93DF2-28DD-4AAE-BC09-C91018FD959A}.Release|x86.Build.0 = Release|x86
	EndGlobalSection
	GlobalSection(SolutionProperties) = preSolution
		HideSolutionNode = FALSE
	EndGlobalSection
	GlobalSection(NestedProjects) = preSolution
		{64A99297-53CE-4952-AA65-AB570DB9EDB1} = {DA59BCFD-0D9A-4B03-B614-C4779488B37D}
		{56D93DF2-28DD-4AAE-BC09-C91018FD959A} = {DA59BCFD-0D9A-4B03-B614-C4779488B37D}
	EndGlobalSection
	GlobalSection(ExtensibilityGlobals) = postSolution
		SolutionGuid = {A9D1880A-79AB-4C8C-A0A9-23894BDAFB42}
	EndGlobalSection
EndGlobal
